
Microsoft Visual Studio Solution File, Format Version 12.00
# Visual Studio Version 16
VisualStudioVersion = 16.0.30717.126
MinimumVisualStudioVersion = 10.0.40219.1
Project("{9A19103F-16F7-4668-BE54-9A1E7A4F7556}") = "OnlineFood.Database", "OnlineFood.Database\OnlineFood.Database.csproj", "{ED9BEFF2-C166-43FB-BDDA-BE336ACACFF3}"
EndProject
Project("{9A19103F-16F7-4668-BE54-9A1E7A4F7556}") = "OnlineFood.AdminLambda", "OnlineFood.AdminLambda\OnlineFood.AdminLambda.csproj", "{C57072D6-30F6-474C-B69B-4BC245D987A2}"
EndProject
Project("{FAE04EC0-301F-11D3-BF4B-00C04F79EFBC}") = "OnlineFood.Infrastructure", "OnlineFood.Infrastructure\OnlineFood.Infrastructure.csproj", "{154F9BB5-F78A-4DE2-99E8-47D50902A9A9}"
EndProject
Global
	GlobalSection(SolutionConfigurationPlatforms) = preSolution
		Debug|Any CPU = Debug|Any CPU
		Release|Any CPU = Release|Any CPU
	EndGlobalSection
	GlobalSection(ProjectConfigurationPlatforms) = postSolution
		{ED9BEFF2-C166-43FB-BDDA-BE336ACACFF3}.Debug|Any CPU.ActiveCfg = Debug|Any CPU
		{ED9BEFF2-C166-43FB-BDDA-BE336ACACFF3}.Debug|Any CPU.Build.0 = Debug|Any CPU
		{ED9BEFF2-C166-43FB-BDDA-BE336ACACFF3}.Release|Any CPU.ActiveCfg = Release|Any CPU
		{ED9BEFF2-C166-43FB-BDDA-BE336ACACFF3}.Release|Any CPU.Build.0 = Release|Any CPU
		{C57072D6-30F6-474C-B69B-4BC245D987A2}.Debug|Any CPU.ActiveCfg = Debug|Any CPU
		{C57072D6-30F6-474C-B69B-4BC245D987A2}.Debug|Any CPU.Build.0 = Debug|Any CPU
		{C57072D6-30F6-474C-B69B-4BC245D987A2}.Release|Any CPU.ActiveCfg = Release|Any CPU
		{C57072D6-30F6-474C-B69B-4BC245D987A2}.Release|Any CPU.Build.0 = Release|Any CPU
		{154F9BB5-F78A-4DE2-99E8-47D50902A9A9}.Debug|Any CPU.ActiveCfg = Debug|Any CPU
		{154F9BB5-F78A-4DE2-99E8-47D50902A9A9}.Debug|Any CPU.Build.0 = Debug|Any CPU
		{154F9BB5-F78A-4DE2-99E8-47D50902A9A9}.Release|Any CPU.ActiveCfg = Release|Any CPU
		{154F9BB5-F78A-4DE2-99E8-47D50902A9A9}.Release|Any CPU.Build.0 = Release|Any CPU
	EndGlobalSection
	GlobalSection(SolutionProperties) = preSolution
		HideSolutionNode = FALSE
	EndGlobalSection
	GlobalSection(ExtensibilityGlobals) = postSolution
		SolutionGuid = {0E12B727-83FD-4117-AF95-DE04EEE41181}
	EndGlobalSection
EndGlobal
